
Microsoft Visual Studio Solution File, Format Version 12.00
# Visual Studio Version 16
VisualStudioVersion = 16.0.30413.136
MinimumVisualStudioVersion = 10.0.40219.1
Project("{FAE04EC0-301F-11D3-BF4B-00C04F79EFBC}") = "Lanches-Mac", "Lanches-Mac\Lanches-Mac.csproj", "{A8622995-F019-4309-AF86-C8EFAD1081AE}"
EndProject
Global
	GlobalSection(SolutionConfigurationPlatforms) = preSolution
		Debug|Any CPU = Debug|Any CPU
		Release|Any CPU = Release|Any CPU
	EndGlobalSection
	GlobalSection(ProjectConfigurationPlatforms) = postSolution
		{A8622995-F019-4309-AF86-C8EFAD1081AE}.Debug|Any CPU.ActiveCfg = Debug|Any CPU
		{A8622995-F019-4309-AF86-C8EFAD1081AE}.Debug|Any CPU.Build.0 = Debug|Any CPU
		{A8622995-F019-4309-AF86-C8EFAD1081AE}.Release|Any CPU.ActiveCfg = Release|Any CPU
		{A8622995-F019-4309-AF86-C8EFAD1081AE}.Release|Any CPU.Build.0 = Release|Any CPU
	EndGlobalSection
	GlobalSection(SolutionProperties) = preSolution
		HideSolutionNode = FALSE
	EndGlobalSection
	GlobalSection(ExtensibilityGlobals) = postSolution
		SolutionGuid = {B92566D1-A951-430F-965E-91AEBDA71003}
	EndGlobalSection
EndGlobal
